// !$*UTF8*$!
{
	archiveVersion = 1;
	classes = {
	};
	objectVersion = 50;
	objects = {

/* Begin PBXBuildFile section */
		4E1746CF9F2D34FE0CD66730 /* Pods_Debit.framework in Frameworks */ = {isa = PBXBuildFile; fileRef = 12F6A31005021A3743DA7E75 /* Pods_Debit.framework */; };
		8A28457621251F4100A66409 /* Assets.xcassets in Resources */ = {isa = PBXBuildFile; fileRef = 8A28457521251F4100A66409 /* Assets.xcassets */; };
		8A28457821255A6000A66409 /* FirstCell.swift in Sources */ = {isa = PBXBuildFile; fileRef = 8A28457721255A6000A66409 /* FirstCell.swift */; };
		8A4155D2211BD4480039FF41 /* AppDelegate.swift in Sources */ = {isa = PBXBuildFile; fileRef = 8A4155D1211BD4480039FF41 /* AppDelegate.swift */; };
		8A4155D4211BD4480039FF41 /* LoginController.swift in Sources */ = {isa = PBXBuildFile; fileRef = 8A4155D3211BD4480039FF41 /* LoginController.swift */; };
		8A4155D7211BD4480039FF41 /* Main.storyboard in Resources */ = {isa = PBXBuildFile; fileRef = 8A4155D5211BD4480039FF41 /* Main.storyboard */; };
		8A4155DC211BD4490039FF41 /* LaunchScreen.storyboard in Resources */ = {isa = PBXBuildFile; fileRef = 8A4155DA211BD4490039FF41 /* LaunchScreen.storyboard */; };
		8A55895C21211C7200DF03BE /* CornerButton.swift in Sources */ = {isa = PBXBuildFile; fileRef = 8A55895B21211C7200DF03BE /* CornerButton.swift */; };
		8A5A32252121352700FDC964 /* Toast.swift in Sources */ = {isa = PBXBuildFile; fileRef = 8A5A32242121352700FDC964 /* Toast.swift */; };
		8A5A32272121355000FDC964 /* ToastView.swift in Sources */ = {isa = PBXBuildFile; fileRef = 8A5A32262121355000FDC964 /* ToastView.swift */; };
		8A5A32292121356400FDC964 /* ToastCenter.swift in Sources */ = {isa = PBXBuildFile; fileRef = 8A5A32282121356400FDC964 /* ToastCenter.swift */; };
		8A5A322B2121357B00FDC964 /* ToastWindow.swift in Sources */ = {isa = PBXBuildFile; fileRef = 8A5A322A2121357B00FDC964 /* ToastWindow.swift */; };
		8A5A322E212135CF00FDC964 /* Main.strings in Resources */ = {isa = PBXBuildFile; fileRef = 8A5A3230212135CF00FDC964 /* Main.strings */; };
		8A90AB4621215C5D00767EF1 /* GoogleService-Info.plist in Resources */ = {isa = PBXBuildFile; fileRef = 8A90AB4521215C5D00767EF1 /* GoogleService-Info.plist */; };
		8A90AB492121607B00767EF1 /* User.swift in Sources */ = {isa = PBXBuildFile; fileRef = 8A90AB482121607B00767EF1 /* User.swift */; };
		8A90AB4B2121660700767EF1 /* Debit.swift in Sources */ = {isa = PBXBuildFile; fileRef = 8A90AB4A2121660700767EF1 /* Debit.swift */; };
		8A90AB4D2121677000767EF1 /* ListTransform.swift in Sources */ = {isa = PBXBuildFile; fileRef = 8A90AB4C2121677000767EF1 /* ListTransform.swift */; };
		8A90AB502121685C00767EF1 /* UserViewModel.swift in Sources */ = {isa = PBXBuildFile; fileRef = 8A90AB4F2121685C00767EF1 /* UserViewModel.swift */; };
		8A90AB522121688B00767EF1 /* Response.swift in Sources */ = {isa = PBXBuildFile; fileRef = 8A90AB512121688B00767EF1 /* Response.swift */; };
		8A90AB55212168FA00767EF1 /* AppUtils.swift in Sources */ = {isa = PBXBuildFile; fileRef = 8A90AB54212168FA00767EF1 /* AppUtils.swift */; };
		8AF12D83212405B7008ADFFB /* HomeController.swift in Sources */ = {isa = PBXBuildFile; fileRef = 8AF12D82212405B7008ADFFB /* HomeController.swift */; };
		8AF12D8521240E0A008ADFFB /* DebitViewCell.swift in Sources */ = {isa = PBXBuildFile; fileRef = 8AF12D8421240E0A008ADFFB /* DebitViewCell.swift */; };
		8AF12D872124105D008ADFFB /* Section.swift in Sources */ = {isa = PBXBuildFile; fileRef = 8AF12D862124105D008ADFFB /* Section.swift */; };
		8AF12D8921241631008ADFFB /* CollapsibleTableViewHeader.swift in Sources */ = {isa = PBXBuildFile; fileRef = 8AF12D8821241631008ADFFB /* CollapsibleTableViewHeader.swift */; };
/* End PBXBuildFile section */

/* Begin PBXFileReference section */
		12F6A31005021A3743DA7E75 /* Pods_Debit.framework */ = {isa = PBXFileReference; explicitFileType = wrapper.framework; includeInIndex = 0; path = Pods_Debit.framework; sourceTree = BUILT_PRODUCTS_DIR; };
		8A28457521251F4100A66409 /* Assets.xcassets */ = {isa = PBXFileReference; lastKnownFileType = folder.assetcatalog; path = Assets.xcassets; sourceTree = "<group>"; };
		8A28457721255A6000A66409 /* FirstCell.swift */ = {isa = PBXFileReference; lastKnownFileType = sourcecode.swift; path = FirstCell.swift; sourceTree = "<group>"; };
		8A4155CE211BD4480039FF41 /* Debit.app */ = {isa = PBXFileReference; explicitFileType = wrapper.application; includeInIndex = 0; path = Debit.app; sourceTree = BUILT_PRODUCTS_DIR; };
		8A4155D1211BD4480039FF41 /* AppDelegate.swift */ = {isa = PBXFileReference; lastKnownFileType = sourcecode.swift; path = AppDelegate.swift; sourceTree = "<group>"; };
		8A4155D3211BD4480039FF41 /* LoginController.swift */ = {isa = PBXFileReference; lastKnownFileType = sourcecode.swift; path = LoginController.swift; sourceTree = "<group>"; };
		8A4155D6211BD4480039FF41 /* Base */ = {isa = PBXFileReference; lastKnownFileType = file.storyboard; name = Base; path = Base.lproj/Main.storyboard; sourceTree = "<group>"; };
		8A4155DB211BD4490039FF41 /* Base */ = {isa = PBXFileReference; lastKnownFileType = file.storyboard; name = Base; path = Base.lproj/LaunchScreen.storyboard; sourceTree = "<group>"; };
		8A4155DD211BD4490039FF41 /* Info.plist */ = {isa = PBXFileReference; lastKnownFileType = text.plist.xml; path = Info.plist; sourceTree = "<group>"; };
		8A55895B21211C7200DF03BE /* CornerButton.swift */ = {isa = PBXFileReference; lastKnownFileType = sourcecode.swift; path = CornerButton.swift; sourceTree = "<group>"; };
		8A5A32242121352700FDC964 /* Toast.swift */ = {isa = PBXFileReference; lastKnownFileType = sourcecode.swift; path = Toast.swift; sourceTree = "<group>"; };
		8A5A32262121355000FDC964 /* ToastView.swift */ = {isa = PBXFileReference; lastKnownFileType = sourcecode.swift; path = ToastView.swift; sourceTree = "<group>"; };
		8A5A32282121356400FDC964 /* ToastCenter.swift */ = {isa = PBXFileReference; lastKnownFileType = sourcecode.swift; path = ToastCenter.swift; sourceTree = "<group>"; };
		8A5A322A2121357B00FDC964 /* ToastWindow.swift */ = {isa = PBXFileReference; lastKnownFileType = sourcecode.swift; path = ToastWindow.swift; sourceTree = "<group>"; };
		8A5A3233212135F600FDC964 /* vi */ = {isa = PBXFileReference; lastKnownFileType = text.plist.strings; name = vi; path = vi.lproj/Main.strings; sourceTree = "<group>"; };
		8A5A3234212136A100FDC964 /* Base */ = {isa = PBXFileReference; lastKnownFileType = text.plist.strings; name = Base; path = Base.lproj/Main.strings; sourceTree = "<group>"; };
		8A90AB4521215C5D00767EF1 /* GoogleService-Info.plist */ = {isa = PBXFileReference; fileEncoding = 4; lastKnownFileType = text.plist.xml; path = "GoogleService-Info.plist"; sourceTree = "<group>"; };
		8A90AB482121607B00767EF1 /* User.swift */ = {isa = PBXFileReference; lastKnownFileType = sourcecode.swift; path = User.swift; sourceTree = "<group>"; };
		8A90AB4A2121660700767EF1 /* Debit.swift */ = {isa = PBXFileReference; lastKnownFileType = sourcecode.swift; path = Debit.swift; sourceTree = "<group>"; };
		8A90AB4C2121677000767EF1 /* ListTransform.swift */ = {isa = PBXFileReference; lastKnownFileType = sourcecode.swift; path = ListTransform.swift; sourceTree = "<group>"; };
		8A90AB4F2121685C00767EF1 /* UserViewModel.swift */ = {isa = PBXFileReference; lastKnownFileType = sourcecode.swift; path = UserViewModel.swift; sourceTree = "<group>"; };
		8A90AB512121688B00767EF1 /* Response.swift */ = {isa = PBXFileReference; lastKnownFileType = sourcecode.swift; path = Response.swift; sourceTree = "<group>"; };
		8A90AB54212168FA00767EF1 /* AppUtils.swift */ = {isa = PBXFileReference; lastKnownFileType = sourcecode.swift; path = AppUtils.swift; sourceTree = "<group>"; };
		8AF12D82212405B7008ADFFB /* HomeController.swift */ = {isa = PBXFileReference; lastKnownFileType = sourcecode.swift; path = HomeController.swift; sourceTree = "<group>"; };
		8AF12D8421240E0A008ADFFB /* DebitViewCell.swift */ = {isa = PBXFileReference; lastKnownFileType = sourcecode.swift; path = DebitViewCell.swift; sourceTree = "<group>"; };
		8AF12D862124105D008ADFFB /* Section.swift */ = {isa = PBXFileReference; lastKnownFileType = sourcecode.swift; path = Section.swift; sourceTree = "<group>"; };
		8AF12D8821241631008ADFFB /* CollapsibleTableViewHeader.swift */ = {isa = PBXFileReference; lastKnownFileType = sourcecode.swift; path = CollapsibleTableViewHeader.swift; sourceTree = "<group>"; };
		97A9EC905E3BD1845293CE51 /* Pods-Debit.release.xcconfig */ = {isa = PBXFileReference; includeInIndex = 1; lastKnownFileType = text.xcconfig; name = "Pods-Debit.release.xcconfig"; path = "Pods/Target Support Files/Pods-Debit/Pods-Debit.release.xcconfig"; sourceTree = "<group>"; };
		F09D000DBDE37A4D559820F4 /* Pods-Debit.debug.xcconfig */ = {isa = PBXFileReference; includeInIndex = 1; lastKnownFileType = text.xcconfig; name = "Pods-Debit.debug.xcconfig"; path = "Pods/Target Support Files/Pods-Debit/Pods-Debit.debug.xcconfig"; sourceTree = "<group>"; };
/* End PBXFileReference section */

/* Begin PBXFrameworksBuildPhase section */
		8A4155CB211BD4480039FF41 /* Frameworks */ = {
			isa = PBXFrameworksBuildPhase;
			buildActionMask = 2147483647;
			files = (
				4E1746CF9F2D34FE0CD66730 /* Pods_Debit.framework in Frameworks */,
			);
			runOnlyForDeploymentPostprocessing = 0;
		};
/* End PBXFrameworksBuildPhase section */

/* Begin PBXGroup section */
		36730181A81613BC14934E97 /* Pods */ = {
			isa = PBXGroup;
			children = (
				F09D000DBDE37A4D559820F4 /* Pods-Debit.debug.xcconfig */,
				97A9EC905E3BD1845293CE51 /* Pods-Debit.release.xcconfig */,
			);
			name = Pods;
			sourceTree = "<group>";
		};
		38A654D8CABEFA4292E524E1 /* Frameworks */ = {
			isa = PBXGroup;
			children = (
				12F6A31005021A3743DA7E75 /* Pods_Debit.framework */,
			);
			name = Frameworks;
			sourceTree = "<group>";
		};
		8A4155C5211BD4480039FF41 = {
			isa = PBXGroup;
			children = (
				8A5A3230212135CF00FDC964 /* Main.strings */,
				8A4155D0211BD4480039FF41 /* Debit */,
				8A4155CF211BD4480039FF41 /* Products */,
				36730181A81613BC14934E97 /* Pods */,
				38A654D8CABEFA4292E524E1 /* Frameworks */,
			);
			sourceTree = "<group>";
		};
		8A4155CF211BD4480039FF41 /* Products */ = {
			isa = PBXGroup;
			children = (
				8A4155CE211BD4480039FF41 /* Debit.app */,
			);
			name = Products;
			sourceTree = "<group>";
		};
		8A4155D0211BD4480039FF41 /* Debit */ = {
			isa = PBXGroup;
			children = (
				8A28457521251F4100A66409 /* Assets.xcassets */,
				8AF12D81212405A0008ADFFB /* Controller */,
				8A90AB53212168DE00767EF1 /* Utils */,
				8A90AB4E2121684E00767EF1 /* ViewModel */,
				8A90AB472121606B00767EF1 /* Model */,
				8A90AB4521215C5D00767EF1 /* GoogleService-Info.plist */,
				8A5A32222121351400FDC964 /* Library */,
				8A55895A21211C5900DF03BE /* CustomView */,
				8A4155D1211BD4480039FF41 /* AppDelegate.swift */,
				8A4155D5211BD4480039FF41 /* Main.storyboard */,
				8A4155DA211BD4490039FF41 /* LaunchScreen.storyboard */,
				8A4155DD211BD4490039FF41 /* Info.plist */,
			);
			path = Debit;
			sourceTree = "<group>";
		};
		8A55895A21211C5900DF03BE /* CustomView */ = {
			isa = PBXGroup;
			children = (
				8A55895B21211C7200DF03BE /* CornerButton.swift */,
				8A28457721255A6000A66409 /* FirstCell.swift */,
				8AF12D8421240E0A008ADFFB /* DebitViewCell.swift */,
				8AF12D8821241631008ADFFB /* CollapsibleTableViewHeader.swift */,
			);
			path = CustomView;
			sourceTree = "<group>";
		};
		8A5A32222121351400FDC964 /* Library */ = {
			isa = PBXGroup;
			children = (
				8A5A32232121351A00FDC964 /* Toast */,
				8A90AB4C2121677000767EF1 /* ListTransform.swift */,
			);
			path = Library;
			sourceTree = "<group>";
		};
		8A5A32232121351A00FDC964 /* Toast */ = {
			isa = PBXGroup;
			children = (
				8A5A32242121352700FDC964 /* Toast.swift */,
				8A5A32282121356400FDC964 /* ToastCenter.swift */,
				8A5A322A2121357B00FDC964 /* ToastWindow.swift */,
				8A5A32262121355000FDC964 /* ToastView.swift */,
			);
			path = Toast;
			sourceTree = "<group>";
		};
		8A90AB472121606B00767EF1 /* Model */ = {
			isa = PBXGroup;
			children = (
				8A90AB482121607B00767EF1 /* User.swift */,
				8A90AB4A2121660700767EF1 /* Debit.swift */,
				8AF12D862124105D008ADFFB /* Section.swift */,
				8A90AB512121688B00767EF1 /* Response.swift */,
			);
			path = Model;
			sourceTree = "<group>";
		};
		8A90AB4E2121684E00767EF1 /* ViewModel */ = {
			isa = PBXGroup;
			children = (
				8A90AB4F2121685C00767EF1 /* UserViewModel.swift */,
			);
			path = ViewModel;
			sourceTree = "<group>";
		};
		8A90AB53212168DE00767EF1 /* Utils */ = {
			isa = PBXGroup;
			children = (
				8A90AB54212168FA00767EF1 /* AppUtils.swift */,
			);
			path = Utils;
			sourceTree = "<group>";
		};
		8AF12D81212405A0008ADFFB /* Controller */ = {
			isa = PBXGroup;
			children = (
				8A4155D3211BD4480039FF41 /* LoginController.swift */,
				8AF12D82212405B7008ADFFB /* HomeController.swift */,
			);
			path = Controller;
			sourceTree = "<group>";
		};
/* End PBXGroup section */

/* Begin PBXNativeTarget section */
		8A4155CD211BD4480039FF41 /* Debit */ = {
			isa = PBXNativeTarget;
			buildConfigurationList = 8A4155E0211BD4490039FF41 /* Build configuration list for PBXNativeTarget "Debit" */;
			buildPhases = (
				20ABD4CC04CD477D36B8A444 /* [CP] Check Pods Manifest.lock */,
				8A4155CA211BD4480039FF41 /* Sources */,
				8A4155CB211BD4480039FF41 /* Frameworks */,
				8A4155CC211BD4480039FF41 /* Resources */,
				BFA22A45C92A74D62DA26962 /* [CP] Copy Pods Resources */,
			);
			buildRules = (
			);
			dependencies = (
			);
			name = Debit;
			productName = Debit;
			productReference = 8A4155CE211BD4480039FF41 /* Debit.app */;
			productType = "com.apple.product-type.application";
		};
/* End PBXNativeTarget section */

/* Begin PBXProject section */
		8A4155C6211BD4480039FF41 /* Project object */ = {
			isa = PBXProject;
			attributes = {
				LastSwiftUpdateCheck = 0940;
				LastUpgradeCheck = 0940;
				ORGANIZATIONNAME = "Tô Tử Siêu";
				TargetAttributes = {
					8A4155CD211BD4480039FF41 = {
						CreatedOnToolsVersion = 9.4.1;
					};
				};
			};
			buildConfigurationList = 8A4155C9211BD4480039FF41 /* Build configuration list for PBXProject "Debit" */;
			compatibilityVersion = "Xcode 9.3";
			developmentRegion = en;
			hasScannedForEncodings = 0;
			knownRegions = (
				en,
				Base,
				vi,
			);
			mainGroup = 8A4155C5211BD4480039FF41;
			productRefGroup = 8A4155CF211BD4480039FF41 /* Products */;
			projectDirPath = "";
			projectRoot = "";
			targets = (
				8A4155CD211BD4480039FF41 /* Debit */,
			);
		};
/* End PBXProject section */

/* Begin PBXResourcesBuildPhase section */
		8A4155CC211BD4480039FF41 /* Resources */ = {
			isa = PBXResourcesBuildPhase;
			buildActionMask = 2147483647;
			files = (
				8A4155DC211BD4490039FF41 /* LaunchScreen.storyboard in Resources */,
				8A5A322E212135CF00FDC964 /* Main.strings in Resources */,
				8A90AB4621215C5D00767EF1 /* GoogleService-Info.plist in Resources */,
				8A4155D7211BD4480039FF41 /* Main.storyboard in Resources */,
				8A28457621251F4100A66409 /* Assets.xcassets in Resources */,
			);
			runOnlyForDeploymentPostprocessing = 0;
		};
/* End PBXResourcesBuildPhase section */

/* Begin PBXShellScriptBuildPhase section */
		20ABD4CC04CD477D36B8A444 /* [CP] Check Pods Manifest.lock */ = {
			isa = PBXShellScriptBuildPhase;
			buildActionMask = 2147483647;
			files = (
			);
			inputPaths = (
				"${PODS_PODFILE_DIR_PATH}/Podfile.lock",
				"${PODS_ROOT}/Manifest.lock",
			);
			name = "[CP] Check Pods Manifest.lock";
			outputPaths = (
				"$(DERIVED_FILE_DIR)/Pods-Debit-checkManifestLockResult.txt",
			);
			runOnlyForDeploymentPostprocessing = 0;
			shellPath = /bin/sh;
			shellScript = "diff \"${PODS_PODFILE_DIR_PATH}/Podfile.lock\" \"${PODS_ROOT}/Manifest.lock\" > /dev/null\nif [ $? != 0 ] ; then\n    # print error to STDERR\n    echo \"error: The sandbox is not in sync with the Podfile.lock. Run 'pod install' or update your CocoaPods installation.\" >&2\n    exit 1\nfi\n# This output is used by Xcode 'outputs' to avoid re-running this script phase.\necho \"SUCCESS\" > \"${SCRIPT_OUTPUT_FILE_0}\"\n";
			showEnvVarsInLog = 0;
		};
		BFA22A45C92A74D62DA26962 /* [CP] Copy Pods Resources */ = {
			isa = PBXShellScriptBuildPhase;
			buildActionMask = 2147483647;
			files = (
			);
			inputPaths = (
				"${SRCROOT}/Pods/Target Support Files/Pods-Debit/Pods-Debit-resources.sh",
				"${PODS_ROOT}/FBSDKCoreKit/FacebookSDKStrings.bundle",
				"${PODS_ROOT}/GoogleSignIn/Resources/GoogleSignIn.bundle",
			);
			name = "[CP] Copy Pods Resources";
			outputPaths = (
				"${TARGET_BUILD_DIR}/${UNLOCALIZED_RESOURCES_FOLDER_PATH}/FacebookSDKStrings.bundle",
				"${TARGET_BUILD_DIR}/${UNLOCALIZED_RESOURCES_FOLDER_PATH}/GoogleSignIn.bundle",
			);
			runOnlyForDeploymentPostprocessing = 0;
			shellPath = /bin/sh;
			shellScript = "\"${SRCROOT}/Pods/Target Support Files/Pods-Debit/Pods-Debit-resources.sh\"\n";
			showEnvVarsInLog = 0;
		};
/* End PBXShellScriptBuildPhase section */

/* Begin PBXSourcesBuildPhase section */
		8A4155CA211BD4480039FF41 /* Sources */ = {
			isa = PBXSourcesBuildPhase;
			buildActionMask = 2147483647;
			files = (
				8A55895C21211C7200DF03BE /* CornerButton.swift in Sources */,
				8A4155D4211BD4480039FF41 /* LoginController.swift in Sources */,
				8AF12D83212405B7008ADFFB /* HomeController.swift in Sources */,
				8A4155D2211BD4480039FF41 /* AppDelegate.swift in Sources */,
				8A90AB55212168FA00767EF1 /* AppUtils.swift in Sources */,
				8A5A32252121352700FDC964 /* Toast.swift in Sources */,
				8A90AB522121688B00767EF1 /* Response.swift in Sources */,
				8A90AB492121607B00767EF1 /* User.swift in Sources */,
				8A5A322B2121357B00FDC964 /* ToastWindow.swift in Sources */,
				8A5A32292121356400FDC964 /* ToastCenter.swift in Sources */,
				8AF12D8921241631008ADFFB /* CollapsibleTableViewHeader.swift in Sources */,
				8A5A32272121355000FDC964 /* ToastView.swift in Sources */,
				8A90AB4D2121677000767EF1 /* ListTransform.swift in Sources */,
				8A90AB4B2121660700767EF1 /* Debit.swift in Sources */,
				8A28457821255A6000A66409 /* FirstCell.swift in Sources */,
				8AF12D872124105D008ADFFB /* Section.swift in Sources */,
				8A90AB502121685C00767EF1 /* UserViewModel.swift in Sources */,
				8AF12D8521240E0A008ADFFB /* DebitViewCell.swift in Sources */,
			);
			runOnlyForDeploymentPostprocessing = 0;
		};
/* End PBXSourcesBuildPhase section */

/* Begin PBXVariantGroup section */
		8A4155D5211BD4480039FF41 /* Main.storyboard */ = {
			isa = PBXVariantGroup;
			children = (
				8A4155D6211BD4480039FF41 /* Base */,
			);
			name = Main.storyboard;
			sourceTree = "<group>";
		};
		8A4155DA211BD4490039FF41 /* LaunchScreen.storyboard */ = {
			isa = PBXVariantGroup;
			children = (
				8A4155DB211BD4490039FF41 /* Base */,
			);
			name = LaunchScreen.storyboard;
			sourceTree = "<group>";
		};
		8A5A3230212135CF00FDC964 /* Main.strings */ = {
			isa = PBXVariantGroup;
			children = (
				8A5A3233212135F600FDC964 /* vi */,
				8A5A3234212136A100FDC964 /* Base */,
			);
			name = Main.strings;
			sourceTree = "<group>";
		};
/* End PBXVariantGroup section */

/* Begin XCBuildConfiguration section */
		8A4155DE211BD4490039FF41 /* Debug */ = {
			isa = XCBuildConfiguration;
			buildSettings = {
				ALWAYS_SEARCH_USER_PATHS = NO;
				CLANG_ANALYZER_LOCALIZABILITY_NONLOCALIZED = YES;
				CLANG_ANALYZER_NONNULL = YES;
				CLANG_ANALYZER_NUMBER_OBJECT_CONVERSION = YES_AGGRESSIVE;
				CLANG_CXX_LANGUAGE_STANDARD = "gnu++14";
				CLANG_CXX_LIBRARY = "libc++";
				CLANG_ENABLE_MODULES = YES;
				CLANG_ENABLE_OBJC_ARC = YES;
				CLANG_ENABLE_OBJC_WEAK = YES;
				CLANG_WARN_BLOCK_CAPTURE_AUTORELEASING = YES;
				CLANG_WARN_BOOL_CONVERSION = YES;
				CLANG_WARN_COMMA = YES;
				CLANG_WARN_CONSTANT_CONVERSION = YES;
				CLANG_WARN_DEPRECATED_OBJC_IMPLEMENTATIONS = YES;
				CLANG_WARN_DIRECT_OBJC_ISA_USAGE = YES_ERROR;
				CLANG_WARN_DOCUMENTATION_COMMENTS = YES;
				CLANG_WARN_EMPTY_BODY = YES;
				CLANG_WARN_ENUM_CONVERSION = YES;
				CLANG_WARN_INFINITE_RECURSION = YES;
				CLANG_WARN_INT_CONVERSION = YES;
				CLANG_WARN_NON_LITERAL_NULL_CONVERSION = YES;
				CLANG_WARN_OBJC_IMPLICIT_RETAIN_SELF = YES;
				CLANG_WARN_OBJC_LITERAL_CONVERSION = YES;
				CLANG_WARN_OBJC_ROOT_CLASS = YES_ERROR;
				CLANG_WARN_RANGE_LOOP_ANALYSIS = YES;
				CLANG_WARN_STRICT_PROTOTYPES = YES;
				CLANG_WARN_SUSPICIOUS_MOVE = YES;
				CLANG_WARN_UNGUARDED_AVAILABILITY = YES_AGGRESSIVE;
				CLANG_WARN_UNREACHABLE_CODE = YES;
				CLANG_WARN__DUPLICATE_METHOD_MATCH = YES;
				CODE_SIGN_IDENTITY = "iPhone Developer";
				COPY_PHASE_STRIP = NO;
				DEBUG_INFORMATION_FORMAT = dwarf;
				ENABLE_STRICT_OBJC_MSGSEND = YES;
				ENABLE_TESTABILITY = YES;
				GCC_C_LANGUAGE_STANDARD = gnu11;
				GCC_DYNAMIC_NO_PIC = NO;
				GCC_NO_COMMON_BLOCKS = YES;
				GCC_OPTIMIZATION_LEVEL = 0;
				GCC_PREPROCESSOR_DEFINITIONS = (
					"DEBUG=1",
					"$(inherited)",
				);
				GCC_WARN_64_TO_32_BIT_CONVERSION = YES;
				GCC_WARN_ABOUT_RETURN_TYPE = YES_ERROR;
				GCC_WARN_UNDECLARED_SELECTOR = YES;
				GCC_WARN_UNINITIALIZED_AUTOS = YES_AGGRESSIVE;
				GCC_WARN_UNUSED_FUNCTION = YES;
				GCC_WARN_UNUSED_VARIABLE = YES;
				IPHONEOS_DEPLOYMENT_TARGET = 10.0;
				MTL_ENABLE_DEBUG_INFO = YES;
				ONLY_ACTIVE_ARCH = YES;
				SDKROOT = iphoneos;
				SWIFT_ACTIVE_COMPILATION_CONDITIONS = DEBUG;
				SWIFT_OPTIMIZATION_LEVEL = "-Onone";
			};
			name = Debug;
		};
		8A4155DF211BD4490039FF41 /* Release */ = {
			isa = XCBuildConfiguration;
			buildSettings = {
				ALWAYS_SEARCH_USER_PATHS = NO;
				CLANG_ANALYZER_LOCALIZABILITY_NONLOCALIZED = YES;
				CLANG_ANALYZER_NONNULL = YES;
				CLANG_ANALYZER_NUMBER_OBJECT_CONVERSION = YES_AGGRESSIVE;
				CLANG_CXX_LANGUAGE_STANDARD = "gnu++14";
				CLANG_CXX_LIBRARY = "libc++";
				CLANG_ENABLE_MODULES = YES;
				CLANG_ENABLE_OBJC_ARC = YES;
				CLANG_ENABLE_OBJC_WEAK = YES;
				CLANG_WARN_BLOCK_CAPTURE_AUTORELEASING = YES;
				CLANG_WARN_BOOL_CONVERSION = YES;
				CLANG_WARN_COMMA = YES;
				CLANG_WARN_CONSTANT_CONVERSION = YES;
				CLANG_WARN_DEPRECATED_OBJC_IMPLEMENTATIONS = YES;
				CLANG_WARN_DIRECT_OBJC_ISA_USAGE = YES_ERROR;
				CLANG_WARN_DOCUMENTATION_COMMENTS = YES;
				CLANG_WARN_EMPTY_BODY = YES;
				CLANG_WARN_ENUM_CONVERSION = YES;
				CLANG_WARN_INFINITE_RECURSION = YES;
				CLANG_WARN_INT_CONVERSION = YES;
				CLANG_WARN_NON_LITERAL_NULL_CONVERSION = YES;
				CLANG_WARN_OBJC_IMPLICIT_RETAIN_SELF = YES;
				CLANG_WARN_OBJC_LITERAL_CONVERSION = YES;
				CLANG_WARN_OBJC_ROOT_CLASS = YES_ERROR;
				CLANG_WARN_RANGE_LOOP_ANALYSIS = YES;
				CLANG_WARN_STRICT_PROTOTYPES = YES;
				CLANG_WARN_SUSPICIOUS_MOVE = YES;
				CLANG_WARN_UNGUARDED_AVAILABILITY = YES_AGGRESSIVE;
				CLANG_WARN_UNREACHABLE_CODE = YES;
				CLANG_WARN__DUPLICATE_METHOD_MATCH = YES;
				CODE_SIGN_IDENTITY = "iPhone Developer";
				COPY_PHASE_STRIP = NO;
				DEBUG_INFORMATION_FORMAT = "dwarf-with-dsym";
				ENABLE_NS_ASSERTIONS = NO;
				ENABLE_STRICT_OBJC_MSGSEND = YES;
				GCC_C_LANGUAGE_STANDARD = gnu11;
				GCC_NO_COMMON_BLOCKS = YES;
				GCC_WARN_64_TO_32_BIT_CONVERSION = YES;
				GCC_WARN_ABOUT_RETURN_TYPE = YES_ERROR;
				GCC_WARN_UNDECLARED_SELECTOR = YES;
				GCC_WARN_UNINITIALIZED_AUTOS = YES_AGGRESSIVE;
				GCC_WARN_UNUSED_FUNCTION = YES;
				GCC_WARN_UNUSED_VARIABLE = YES;
				IPHONEOS_DEPLOYMENT_TARGET = 10.0;
				MTL_ENABLE_DEBUG_INFO = NO;
				SDKROOT = iphoneos;
				SWIFT_COMPILATION_MODE = wholemodule;
				SWIFT_OPTIMIZATION_LEVEL = "-O";
				VALIDATE_PRODUCT = YES;
			};
			name = Release;
		};
		8A4155E1211BD4490039FF41 /* Debug */ = {
			isa = XCBuildConfiguration;
			baseConfigurationReference = F09D000DBDE37A4D559820F4 /* Pods-Debit.debug.xcconfig */;
			buildSettings = {
				ASSETCATALOG_COMPILER_APPICON_NAME = AppIcon;
				CODE_SIGN_STYLE = Automatic;
				DEVELOPMENT_TEAM = 287YL398QC;
				INFOPLIST_FILE = Debit/Info.plist;
				IPHONEOS_DEPLOYMENT_TARGET = 10.0;
				LD_RUNPATH_SEARCH_PATHS = (
					"$(inherited)",
					"@executable_path/Frameworks",
				);
				PRODUCT_BUNDLE_IDENTIFIER = com.sega.Debit;
				PRODUCT_NAME = "$(TARGET_NAME)";
				SWIFT_VERSION = 4.0;
				TARGETED_DEVICE_FAMILY = "1,2";
			};
			name = Debug;
		};
		8A4155E2211BD4490039FF41 /* Release */ = {
			isa = XCBuildConfiguration;
			baseConfigurationReference = 97A9EC905E3BD1845293CE51 /* Pods-Debit.release.xcconfig */;
			buildSettings = {
				ASSETCATALOG_COMPILER_APPICON_NAME = AppIcon;
				CODE_SIGN_STYLE = Automatic;
				DEVELOPMENT_TEAM = 287YL398QC;
				INFOPLIST_FILE = Debit/Info.plist;
				IPHONEOS_DEPLOYMENT_TARGET = 10.0;
				LD_RUNPATH_SEARCH_PATHS = (
					"$(inherited)",
					"@executable_path/Frameworks",
				);
				PRODUCT_BUNDLE_IDENTIFIER = com.sega.Debit;
				PRODUCT_NAME = "$(TARGET_NAME)";
				SWIFT_VERSION = 4.0;
				TARGETED_DEVICE_FAMILY = "1,2";
			};
			name = Release;
		};
/* End XCBuildConfiguration section */

/* Begin XCConfigurationList section */
		8A4155C9211BD4480039FF41 /* Build configuration list for PBXProject "Debit" */ = {
			isa = XCConfigurationList;
			buildConfigurations = (
				8A4155DE211BD4490039FF41 /* Debug */,
				8A4155DF211BD4490039FF41 /* Release */,
			);
			defaultConfigurationIsVisible = 0;
			defaultConfigurationName = Release;
		};
		8A4155E0211BD4490039FF41 /* Build configuration list for PBXNativeTarget "Debit" */ = {
			isa = XCConfigurationList;
			buildConfigurations = (
				8A4155E1211BD4490039FF41 /* Debug */,
				8A4155E2211BD4490039FF41 /* Release */,
			);
			defaultConfigurationIsVisible = 0;
			defaultConfigurationName = Release;
		};
/* End XCConfigurationList section */
	};
	rootObject = 8A4155C6211BD4480039FF41 /* Project object */;
}
